
Microsoft Visual Studio Solution File, Format Version 12.00
# Visual Studio Version 16
VisualStudioVersion = 16.0.29613.14
MinimumVisualStudioVersion = 10.0.40219.1
Project("{FAE04EC0-301F-11D3-BF4B-00C04F79EFBC}") = "Retrieve-ListOfCountry", "Retrieve-ListOfCountry.csproj", "{6D702FAB-7515-4A6A-B313-699301829DB8}"
EndProject
Global
	GlobalSection(SolutionConfigurationPlatforms) = preSolution
		Debug|Any CPU = Debug|Any CPU
		Release|Any CPU = Release|Any CPU
	EndGlobalSection
	GlobalSection(ProjectConfigurationPlatforms) = postSolution
		{6D702FAB-7515-4A6A-B313-699301829DB8}.Debug|Any CPU.ActiveCfg = Debug|Any CPU
		{6D702FAB-7515-4A6A-B313-699301829DB8}.Debug|Any CPU.Build.0 = Debug|Any CPU
		{6D702FAB-7515-4A6A-B313-699301829DB8}.Release|Any CPU.ActiveCfg = Release|Any CPU
		{6D702FAB-7515-4A6A-B313-699301829DB8}.Release|Any CPU.Build.0 = Release|Any CPU
	EndGlobalSection
	GlobalSection(SolutionProperties) = preSolution
		HideSolutionNode = FALSE
	EndGlobalSection
	GlobalSection(ExtensibilityGlobals) = postSolution
		SolutionGuid = {859D0976-50D9-468C-98D9-9DDFF4EAC6B6}
	EndGlobalSection
EndGlobal
